
Microsoft Visual Studio Solution File, Format Version 10.00
# Visual Studio 2008
Project("{FAE04EC0-301F-11D3-BF4B-00C04F79EFBC}") = "TheGame", "TheGame\TheGame.csproj", "{EFDC4DBC-C63C-4672-82C3-AB354C625A69}"
EndProject
Project("{FAE04EC0-301F-11D3-BF4B-00C04F79EFBC}") = "Library", "Library\Library.csproj", "{7068DDA9-9145-4F54-8056-5A0F7E678472}"
EndProject
Project("{FAE04EC0-301F-11D3-BF4B-00C04F79EFBC}") = "TheGamePipeline", "TheGamePipeline\TheGamePipeline.csproj", "{81AB1631-D209-4E39-B410-10E9B045B9FB}"
EndProject
Project("{FAE04EC0-301F-11D3-BF4B-00C04F79EFBC}") = "Xbox360TheGame", "TheGame\Xbox360TheGame.csproj", "{ECA3A772-6576-43F8-A9FE-500F3473C837}"
EndProject
Project("{FAE04EC0-301F-11D3-BF4B-00C04F79EFBC}") = "Xbox360Library", "Library\Xbox360Library.csproj", "{E8334ABA-4D89-46A7-AFFC-B0C95C7E8446}"
EndProject
Global
	GlobalSection(SolutionConfigurationPlatforms) = preSolution
		Debug|Mixed Platforms = Debug|Mixed Platforms
		Debug|x86 = Debug|x86
		Debug|Xbox 360 = Debug|Xbox 360
		Debug|Zune = Debug|Zune
		Release|Mixed Platforms = Release|Mixed Platforms
		Release|x86 = Release|x86
		Release|Xbox 360 = Release|Xbox 360
		Release|Zune = Release|Zune
	EndGlobalSection
	GlobalSection(ProjectConfigurationPlatforms) = postSolution
		{EFDC4DBC-C63C-4672-82C3-AB354C625A69}.Debug|Mixed Platforms.ActiveCfg = Debug|x86
		{EFDC4DBC-C63C-4672-82C3-AB354C625A69}.Debug|Mixed Platforms.Build.0 = Debug|x86
		{EFDC4DBC-C63C-4672-82C3-AB354C625A69}.Debug|x86.ActiveCfg = Debug|x86
		{EFDC4DBC-C63C-4672-82C3-AB354C625A69}.Debug|x86.Build.0 = Debug|x86
		{EFDC4DBC-C63C-4672-82C3-AB354C625A69}.Debug|Xbox 360.ActiveCfg = Debug|x86
		{EFDC4DBC-C63C-4672-82C3-AB354C625A69}.Debug|Zune.ActiveCfg = Debug|x86
		{EFDC4DBC-C63C-4672-82C3-AB354C625A69}.Release|Mixed Platforms.ActiveCfg = Release|x86
		{EFDC4DBC-C63C-4672-82C3-AB354C625A69}.Release|Mixed Platforms.Build.0 = Release|x86
		{EFDC4DBC-C63C-4672-82C3-AB354C625A69}.Release|x86.ActiveCfg = Release|x86
		{EFDC4DBC-C63C-4672-82C3-AB354C625A69}.Release|x86.Build.0 = Release|x86
		{EFDC4DBC-C63C-4672-82C3-AB354C625A69}.Release|Xbox 360.ActiveCfg = Release|x86
		{EFDC4DBC-C63C-4672-82C3-AB354C625A69}.Release|Zune.ActiveCfg = Release|x86
		{7068DDA9-9145-4F54-8056-5A0F7E678472}.Debug|Mixed Platforms.ActiveCfg = Debug|x86
		{7068DDA9-9145-4F54-8056-5A0F7E678472}.Debug|Mixed Platforms.Build.0 = Debug|x86
		{7068DDA9-9145-4F54-8056-5A0F7E678472}.Debug|x86.ActiveCfg = Debug|x86
		{7068DDA9-9145-4F54-8056-5A0F7E678472}.Debug|x86.Build.0 = Debug|x86
		{7068DDA9-9145-4F54-8056-5A0F7E678472}.Debug|Xbox 360.ActiveCfg = Debug|x86
		{7068DDA9-9145-4F54-8056-5A0F7E678472}.Debug|Zune.ActiveCfg = Debug|x86
		{7068DDA9-9145-4F54-8056-5A0F7E678472}.Release|Mixed Platforms.ActiveCfg = Release|x86
		{7068DDA9-9145-4F54-8056-5A0F7E678472}.Release|Mixed Platforms.Build.0 = Release|x86
		{7068DDA9-9145-4F54-8056-5A0F7E678472}.Release|x86.ActiveCfg = Release|x86
		{7068DDA9-9145-4F54-8056-5A0F7E678472}.Release|x86.Build.0 = Release|x86
		{7068DDA9-9145-4F54-8056-5A0F7E678472}.Release|Xbox 360.ActiveCfg = Release|x86
		{7068DDA9-9145-4F54-8056-5A0F7E678472}.Release|Zune.ActiveCfg = Release|x86
		{81AB1631-D209-4E39-B410-10E9B045B9FB}.Debug|Mixed Platforms.ActiveCfg = Debug|x86
		{81AB1631-D209-4E39-B410-10E9B045B9FB}.Debug|Mixed Platforms.Build.0 = Debug|x86
		{81AB1631-D209-4E39-B410-10E9B045B9FB}.Debug|x86.ActiveCfg = Debug|x86
		{81AB1631-D209-4E39-B410-10E9B045B9FB}.Debug|x86.Build.0 = Debug|x86
		{81AB1631-D209-4E39-B410-10E9B045B9FB}.Debug|Xbox 360.ActiveCfg = Debug|Xbox 360
		{81AB1631-D209-4E39-B410-10E9B045B9FB}.Debug|Xbox 360.Build.0 = Debug|Xbox 360
		{81AB1631-D209-4E39-B410-10E9B045B9FB}.Debug|Zune.ActiveCfg = Debug|Zune
		{81AB1631-D209-4E39-B410-10E9B045B9FB}.Debug|Zune.Build.0 = Debug|Zune
		{81AB1631-D209-4E39-B410-10E9B045B9FB}.Release|Mixed Platforms.ActiveCfg = Release|Zune
		{81AB1631-D209-4E39-B410-10E9B045B9FB}.Release|Mixed Platforms.Build.0 = Release|Zune
		{81AB1631-D209-4E39-B410-10E9B045B9FB}.Release|x86.ActiveCfg = Release|x86
		{81AB1631-D209-4E39-B410-10E9B045B9FB}.Release|x86.Build.0 = Release|x86
		{81AB1631-D209-4E39-B410-10E9B045B9FB}.Release|Xbox 360.ActiveCfg = Release|Xbox 360
		{81AB1631-D209-4E39-B410-10E9B045B9FB}.Release|Xbox 360.Build.0 = Release|Xbox 360
		{81AB1631-D209-4E39-B410-10E9B045B9FB}.Release|Zune.ActiveCfg = Release|Zune
		{81AB1631-D209-4E39-B410-10E9B045B9FB}.Release|Zune.Build.0 = Release|Zune
		{A714822C-74AC-4B6E-B081-3D48DB4D1B9E}.Debug|Mixed Platforms.ActiveCfg = Debug|x86
		{A714822C-74AC-4B6E-B081-3D48DB4D1B9E}.Debug|x86.ActiveCfg = Debug|x86
		{A714822C-74AC-4B6E-B081-3D48DB4D1B9E}.Debug|Xbox 360.ActiveCfg = Debug|x86
		{A714822C-74AC-4B6E-B081-3D48DB4D1B9E}.Debug|Zune.ActiveCfg = Debug|x86
		{A714822C-74AC-4B6E-B081-3D48DB4D1B9E}.Release|Mixed Platforms.ActiveCfg = Release|x86
		{A714822C-74AC-4B6E-B081-3D48DB4D1B9E}.Release|x86.ActiveCfg = Release|x86
		{A714822C-74AC-4B6E-B081-3D48DB4D1B9E}.Release|Xbox 360.ActiveCfg = Release|x86
		{A714822C-74AC-4B6E-B081-3D48DB4D1B9E}.Release|Zune.ActiveCfg = Release|x86
		{F8A3922E-15BE-46F5-A69D-27D6C0F72427}.Debug|Mixed Platforms.ActiveCfg = Debug|x86
		{F8A3922E-15BE-46F5-A69D-27D6C0F72427}.Debug|x86.ActiveCfg = Debug|x86
		{F8A3922E-15BE-46F5-A69D-27D6C0F72427}.Debug|Xbox 360.ActiveCfg = Debug|x86
		{F8A3922E-15BE-46F5-A69D-27D6C0F72427}.Debug|Zune.ActiveCfg = Debug|x86
		{F8A3922E-15BE-46F5-A69D-27D6C0F72427}.Release|Mixed Platforms.ActiveCfg = Release|x86
		{F8A3922E-15BE-46F5-A69D-27D6C0F72427}.Release|x86.ActiveCfg = Release|x86
		{F8A3922E-15BE-46F5-A69D-27D6C0F72427}.Release|Xbox 360.ActiveCfg = Release|x86
		{F8A3922E-15BE-46F5-A69D-27D6C0F72427}.Release|Zune.ActiveCfg = Release|x86
		{ECA3A772-6576-43F8-A9FE-500F3473C837}.Debug|Mixed Platforms.ActiveCfg = Debug|Xbox 360
		{ECA3A772-6576-43F8-A9FE-500F3473C837}.Debug|x86.ActiveCfg = Debug|Xbox 360
		{ECA3A772-6576-43F8-A9FE-500F3473C837}.Debug|Xbox 360.ActiveCfg = Debug|Xbox 360
		{ECA3A772-6576-43F8-A9FE-500F3473C837}.Debug|Xbox 360.Build.0 = Debug|Xbox 360
		{ECA3A772-6576-43F8-A9FE-500F3473C837}.Debug|Xbox 360.Deploy.0 = Debug|Xbox 360
		{ECA3A772-6576-43F8-A9FE-500F3473C837}.Debug|Zune.ActiveCfg = Debug|Xbox 360
		{ECA3A772-6576-43F8-A9FE-500F3473C837}.Release|Mixed Platforms.ActiveCfg = Release|Xbox 360
		{ECA3A772-6576-43F8-A9FE-500F3473C837}.Release|Mixed Platforms.Build.0 = Release|Xbox 360
		{ECA3A772-6576-43F8-A9FE-500F3473C837}.Release|Mixed Platforms.Deploy.0 = Release|Xbox 360
		{ECA3A772-6576-43F8-A9FE-500F3473C837}.Release|x86.ActiveCfg = Release|Xbox 360
		{ECA3A772-6576-43F8-A9FE-500F3473C837}.Release|Xbox 360.ActiveCfg = Release|Xbox 360
		{ECA3A772-6576-43F8-A9FE-500F3473C837}.Release|Xbox 360.Build.0 = Release|Xbox 360
		{ECA3A772-6576-43F8-A9FE-500F3473C837}.Release|Xbox 360.Deploy.0 = Release|Xbox 360
		{ECA3A772-6576-43F8-A9FE-500F3473C837}.Release|Zune.ActiveCfg = Release|Xbox 360
		{E8334ABA-4D89-46A7-AFFC-B0C95C7E8446}.Debug|Mixed Platforms.ActiveCfg = Debug|Xbox 360
		{E8334ABA-4D89-46A7-AFFC-B0C95C7E8446}.Debug|x86.ActiveCfg = Debug|Xbox 360
		{E8334ABA-4D89-46A7-AFFC-B0C95C7E8446}.Debug|Xbox 360.ActiveCfg = Debug|Xbox 360
		{E8334ABA-4D89-46A7-AFFC-B0C95C7E8446}.Debug|Xbox 360.Build.0 = Debug|Xbox 360
		{E8334ABA-4D89-46A7-AFFC-B0C95C7E8446}.Debug|Zune.ActiveCfg = Debug|Xbox 360
		{E8334ABA-4D89-46A7-AFFC-B0C95C7E8446}.Release|Mixed Platforms.ActiveCfg = Release|Xbox 360
		{E8334ABA-4D89-46A7-AFFC-B0C95C7E8446}.Release|Mixed Platforms.Build.0 = Release|Xbox 360
		{E8334ABA-4D89-46A7-AFFC-B0C95C7E8446}.Release|x86.ActiveCfg = Release|Xbox 360
		{E8334ABA-4D89-46A7-AFFC-B0C95C7E8446}.Release|Xbox 360.ActiveCfg = Release|Xbox 360
		{E8334ABA-4D89-46A7-AFFC-B0C95C7E8446}.Release|Xbox 360.Build.0 = Release|Xbox 360
		{E8334ABA-4D89-46A7-AFFC-B0C95C7E8446}.Release|Zune.ActiveCfg = Release|Xbox 360
	EndGlobalSection
	GlobalSection(SolutionProperties) = preSolution
		HideSolutionNode = FALSE
	EndGlobalSection
EndGlobal
